
Microsoft Visual Studio Solution File, Format Version 12.00
# Visual Studio Version 17
VisualStudioVersion = 17.3.32929.385
MinimumVisualStudioVersion = 10.0.40219.1
Project("{FAE04EC0-301F-11D3-BF4B-00C04F79EFBC}") = "YoxaStudy", "YoxaStudy\YoxaStudy.csproj", "{4124C264-9BFF-449F-B673-C5901571A649}"
EndProject
Global
	GlobalSection(SolutionConfigurationPlatforms) = preSolution
		Debug|Any CPU = Debug|Any CPU
		Release|Any CPU = Release|Any CPU
	EndGlobalSection
	GlobalSection(ProjectConfigurationPlatforms) = postSolution
		{4124C264-9BFF-449F-B673-C5901571A649}.Debug|Any CPU.ActiveCfg = Debug|Any CPU
		{4124C264-9BFF-449F-B673-C5901571A649}.Debug|Any CPU.Build.0 = Debug|Any CPU
		{4124C264-9BFF-449F-B673-C5901571A649}.Release|Any CPU.ActiveCfg = Release|Any CPU
		{4124C264-9BFF-449F-B673-C5901571A649}.Release|Any CPU.Build.0 = Release|Any CPU
	EndGlobalSection
	GlobalSection(SolutionProperties) = preSolution
		HideSolutionNode = FALSE
	EndGlobalSection
	GlobalSection(ExtensibilityGlobals) = postSolution
		SolutionGuid = {C961F9DE-B703-411E-9BB8-12AC1494F5DA}
	EndGlobalSection
EndGlobal
